// !$*UTF8*$!
{
	archiveVersion = 1;
	classes = {
	};
	objectVersion = 46;
	objects = {

/* Begin PBXBuildFile section */
		B806905A1BBB37BF000DD243 /* AppDelegate.swift in Sources */ = {isa = PBXBuildFile; fileRef = B80690591BBB37BF000DD243 /* AppDelegate.swift */; };
		B806905C1BBB37BF000DD243 /* ViewController.swift in Sources */ = {isa = PBXBuildFile; fileRef = B806905B1BBB37BF000DD243 /* ViewController.swift */; };
		B806905F1BBB37BF000DD243 /* Main.storyboard in Resources */ = {isa = PBXBuildFile; fileRef = B806905D1BBB37BF000DD243 /* Main.storyboard */; };
		B80690611BBB37BF000DD243 /* Assets.xcassets in Resources */ = {isa = PBXBuildFile; fileRef = B80690601BBB37BF000DD243 /* Assets.xcassets */; };
		B80690641BBB37BF000DD243 /* LaunchScreen.storyboard in Resources */ = {isa = PBXBuildFile; fileRef = B80690621BBB37BF000DD243 /* LaunchScreen.storyboard */; };
		B8B3123D1BCCBE030054241A /* AddTaskTableViewController.swift in Sources */ = {isa = PBXBuildFile; fileRef = B8B3123C1BCCBE030054241A /* AddTaskTableViewController.swift */; settings = {ASSET_TAGS = (); }; };
		B8B7E0B71BCC555800686030 /* TaskListTableViewController.swift in Sources */ = {isa = PBXBuildFile; fileRef = B8B7E0B61BCC555800686030 /* TaskListTableViewController.swift */; settings = {ASSET_TAGS = (); }; };
/* End PBXBuildFile section */

/* Begin PBXFileReference section */
		B80690561BBB37BF000DD243 /* ToDoList.app */ = {isa = PBXFileReference; explicitFileType = wrapper.application; includeInIndex = 0; path = ToDoList.app; sourceTree = BUILT_PRODUCTS_DIR; };
		B80690591BBB37BF000DD243 /* AppDelegate.swift */ = {isa = PBXFileReference; lastKnownFileType = sourcecode.swift; path = AppDelegate.swift; sourceTree = "<group>"; };
		B806905B1BBB37BF000DD243 /* ViewController.swift */ = {isa = PBXFileReference; lastKnownFileType = sourcecode.swift; path = ViewController.swift; sourceTree = "<group>"; };
		B806905E1BBB37BF000DD243 /* Base */ = {isa = PBXFileReference; lastKnownFileType = file.storyboard; name = Base; path = Base.lproj/Main.storyboard; sourceTree = "<group>"; };
		B80690601BBB37BF000DD243 /* Assets.xcassets */ = {isa = PBXFileReference; lastKnownFileType = folder.assetcatalog; path = Assets.xcassets; sourceTree = "<group>"; };
		B80690631BBB37BF000DD243 /* Base */ = {isa = PBXFileReference; lastKnownFileType = file.storyboard; name = Base; path = Base.lproj/LaunchScreen.storyboard; sourceTree = "<group>"; };
		B80690651BBB37BF000DD243 /* Info.plist */ = {isa = PBXFileReference; lastKnownFileType = text.plist.xml; path = Info.plist; sourceTree = "<group>"; };
		B8B3123C1BCCBE030054241A /* AddTaskTableViewController.swift */ = {isa = PBXFileReference; fileEncoding = 4; lastKnownFileType = sourcecode.swift; path = AddTaskTableViewController.swift; sourceTree = "<group>"; };
		B8B7E0B61BCC555800686030 /* TaskListTableViewController.swift */ = {isa = PBXFileReference; fileEncoding = 4; lastKnownFileType = sourcecode.swift; path = TaskListTableViewController.swift; sourceTree = "<group>"; };
/* End PBXFileReference section */

/* Begin PBXFrameworksBuildPhase section */
		B80690531BBB37BF000DD243 /* Frameworks */ = {
			isa = PBXFrameworksBuildPhase;
			buildActionMask = 2147483647;
			files = (
			);
			runOnlyForDeploymentPostprocessing = 0;
		};
/* End PBXFrameworksBuildPhase section */

/* Begin PBXGroup section */
		B806904D1BBB37BF000DD243 = {
			isa = PBXGroup;
			children = (
				B80690581BBB37BF000DD243 /* ToDoList */,
				B80690571BBB37BF000DD243 /* Products */,
			);
			sourceTree = "<group>";
		};
		B80690571BBB37BF000DD243 /* Products */ = {
			isa = PBXGroup;
			children = (
				B80690561BBB37BF000DD243 /* ToDoList.app */,
			);
			name = Products;
			sourceTree = "<group>";
		};
		B80690581BBB37BF000DD243 /* ToDoList */ = {
			isa = PBXGroup;
			children = (
				B80690591BBB37BF000DD243 /* AppDelegate.swift */,
				B806905B1BBB37BF000DD243 /* ViewController.swift */,
				B806905D1BBB37BF000DD243 /* Main.storyboard */,
				B8B7E0B61BCC555800686030 /* TaskListTableViewController.swift */,
				B80690601BBB37BF000DD243 /* Assets.xcassets */,
				B80690621BBB37BF000DD243 /* LaunchScreen.storyboard */,
				B80690651BBB37BF000DD243 /* Info.plist */,
				B8B3123C1BCCBE030054241A /* AddTaskTableViewController.swift */,
			);
			path = ToDoList;
			sourceTree = "<group>";
		};
/* End PBXGroup section */

/* Begin PBXNativeTarget section */
		B80690551BBB37BF000DD243 /* ToDoList */ = {
			isa = PBXNativeTarget;
			buildConfigurationList = B80690681BBB37BF000DD243 /* Build configuration list for PBXNativeTarget "ToDoList" */;
			buildPhases = (
				B80690521BBB37BF000DD243 /* Sources */,
				B80690531BBB37BF000DD243 /* Frameworks */,
				B80690541BBB37BF000DD243 /* Resources */,
			);
			buildRules = (
			);
			dependencies = (
			);
			name = ToDoList;
			productName = ToDoList;
			productReference = B80690561BBB37BF000DD243 /* ToDoList.app */;
			productType = "com.apple.product-type.application";
		};
/* End PBXNativeTarget section */

/* Begin PBXProject section */
		B806904E1BBB37BF000DD243 /* Project object */ = {
			isa = PBXProject;
			attributes = {
				LastUpgradeCheck = 0700;
				ORGANIZATIONNAME = "Helena Huang";
				TargetAttributes = {
					B80690551BBB37BF000DD243 = {
						CreatedOnToolsVersion = 7.0;
					};
				};
			};
			buildConfigurationList = B80690511BBB37BF000DD243 /* Build configuration list for PBXProject "ToDoList" */;
			compatibilityVersion = "Xcode 3.2";
			developmentRegion = English;
			hasScannedForEncodings = 0;
			knownRegions = (
				en,
				Base,
			);
			mainGroup = B806904D1BBB37BF000DD243;
			productRefGroup = B80690571BBB37BF000DD243 /* Products */;
			projectDirPath = "";
			projectRoot = "";
			targets = (
				B80690551BBB37BF000DD243 /* ToDoList */,
			);
		};
/* End PBXProject section */

/* Begin PBXResourcesBuildPhase section */
		B80690541BBB37BF000DD243 /* Resources */ = {
			isa = PBXResourcesBuildPhase;
			buildActionMask = 2147483647;
			files = (
				B80690641BBB37BF000DD243 /* LaunchScreen.storyboard in Resources */,
				B80690611BBB37BF000DD243 /* Assets.xcassets in Resources */,
				B806905F1BBB37BF000DD243 /* Main.storyboard in Resources */,
			);
			runOnlyForDeploymentPostprocessing = 0;
		};
/* End PBXResourcesBuildPhase section */

/* Begin PBXSourcesBuildPhase section */
		B80690521BBB37BF000DD243 /* Sources */ = {
			isa = PBXSourcesBuildPhase;
			buildActionMask = 2147483647;
			files = (
				B8B3123D1BCCBE030054241A /* AddTaskTableViewController.swift in Sources */,
				B8B7E0B71BCC555800686030 /* TaskListTableViewController.swift in Sources */,
				B806905C1BBB37BF000DD243 /* ViewController.swift in Sources */,
				B806905A1BBB37BF000DD243 /* AppDelegate.swift in Sources */,
			);
			runOnlyForDeploymentPostprocessing = 0;
		};
/* End PBXSourcesBuildPhase section */

/* Begin PBXVariantGroup section */
		B806905D1BBB37BF000DD243 /* Main.storyboard */ = {
			isa = PBXVariantGroup;
			children = (
				B806905E1BBB37BF000DD243 /* Base */,
			);
			name = Main.storyboard;
			sourceTree = "<group>";
		};
		B80690621BBB37BF000DD243 /* LaunchScreen.storyboard */ = {
			isa = PBXVariantGroup;
			children = (
				B80690631BBB37BF000DD243 /* Base */,
			);
			name = LaunchScreen.storyboard;
			sourceTree = "<group>";
		};
/* End PBXVariantGroup section */

/* Begin XCBuildConfiguration section */
		B80690661BBB37BF000DD243 /* Debug */ = {
			isa = XCBuildConfiguration;
			buildSettings = {
				ALWAYS_SEARCH_USER_PATHS = NO;
				CLANG_CXX_LANGUAGE_STANDARD = "gnu++0x";
				CLANG_CXX_LIBRARY = "libc++";
				CLANG_ENABLE_MODULES = YES;
				CLANG_ENABLE_OBJC_ARC = YES;
				CLANG_WARN_BOOL_CONVERSION = YES;
				CLANG_WARN_CONSTANT_CONVERSION = YES;
				CLANG_WARN_DIRECT_OBJC_ISA_USAGE = YES_ERROR;
				CLANG_WARN_EMPTY_BODY = YES;
				CLANG_WARN_ENUM_CONVERSION = YES;
				CLANG_WARN_INT_CONVERSION = YES;
				CLANG_WARN_OBJC_ROOT_CLASS = YES_ERROR;
				CLANG_WARN_UNREACHABLE_CODE = YES;
				CLANG_WARN__DUPLICATE_METHOD_MATCH = YES;
				"CODE_SIGN_IDENTITY[sdk=iphoneos*]" = "iPhone Developer";
				COPY_PHASE_STRIP = NO;
				DEBUG_INFORMATION_FORMAT = dwarf;
				ENABLE_STRICT_OBJC_MSGSEND = YES;
				ENABLE_TESTABILITY = YES;
				GCC_C_LANGUAGE_STANDARD = gnu99;
				GCC_DYNAMIC_NO_PIC = NO;
				GCC_NO_COMMON_BLOCKS = YES;
				GCC_OPTIMIZATION_LEVEL = 0;
				GCC_PREPROCESSOR_DEFINITIONS = (
					"DEBUG=1",
					"$(inherited)",
				);
				GCC_WARN_64_TO_32_BIT_CONVERSION = YES;
				GCC_WARN_ABOUT_RETURN_TYPE = YES_ERROR;
				GCC_WARN_UNDECLARED_SELECTOR = YES;
				GCC_WARN_UNINITIALIZED_AUTOS = YES_AGGRESSIVE;
				GCC_WARN_UNUSED_FUNCTION = YES;
				GCC_WARN_UNUSED_VARIABLE = YES;
				IPHONEOS_DEPLOYMENT_TARGET = 9.0;
				MTL_ENABLE_DEBUG_INFO = YES;
				ONLY_ACTIVE_ARCH = YES;
				SDKROOT = iphoneos;
				SWIFT_OPTIMIZATION_LEVEL = "-Onone";
			};
			name = Debug;
		};
		B80690671BBB37BF000DD243 /* Release */ = {
			isa = XCBuildConfiguration;
			buildSettings = {
				ALWAYS_SEARCH_USER_PATHS = NO;
				CLANG_CXX_LANGUAGE_STANDARD = "gnu++0x";
				CLANG_CXX_LIBRARY = "libc++";
				CLANG_ENABLE_MODULES = YES;
				CLANG_ENABLE_OBJC_ARC = YES;
				CLANG_WARN_BOOL_CONVERSION = YES;
				CLANG_WARN_CONSTANT_CONVERSION = YES;
				CLANG_WARN_DIRECT_OBJC_ISA_USAGE = YES_ERROR;
				CLANG_WARN_EMPTY_BODY = YES;
				CLANG_WARN_ENUM_CONVERSION = YES;
				CLANG_WARN_INT_CONVERSION = YES;
				CLANG_WARN_OBJC_ROOT_CLASS = YES_ERROR;
				CLANG_WARN_UNREACHABLE_CODE = YES;
				CLANG_WARN__DUPLICATE_METHOD_MATCH = YES;
				"CODE_SIGN_IDENTITY[sdk=iphoneos*]" = "iPhone Developer";
				COPY_PHASE_STRIP = NO;
				DEBUG_INFORMATION_FORMAT = "dwarf-with-dsym";
				ENABLE_NS_ASSERTIONS = NO;
				ENABLE_STRICT_OBJC_MSGSEND = YES;
				GCC_C_LANGUAGE_STANDARD = gnu99;
				GCC_NO_COMMON_BLOCKS = YES;
				GCC_WARN_64_TO_32_BIT_CONVERSION = YES;
				GCC_WARN_ABOUT_RETURN_TYPE = YES_ERROR;
				GCC_WARN_UNDECLARED_SELECTOR = YES;
				GCC_WARN_UNINITIALIZED_AUTOS = YES_AGGRESSIVE;
				GCC_WARN_UNUSED_FUNCTION = YES;
				GCC_WARN_UNUSED_VARIABLE = YES;
				IPHONEOS_DEPLOYMENT_TARGET = 9.0;
				MTL_ENABLE_DEBUG_INFO = NO;
				SDKROOT = iphoneos;
				VALIDATE_PRODUCT = YES;
			};
			name = Release;
		};
		B80690691BBB37BF000DD243 /* Debug */ = {
			isa = XCBuildConfiguration;
			buildSettings = {
				ASSETCATALOG_COMPILER_APPICON_NAME = AppIcon;
				INFOPLIST_FILE = ToDoList/Info.plist;
				LD_RUNPATH_SEARCH_PATHS = "$(inherited) @executable_path/Frameworks";
				PRODUCT_BUNDLE_IDENTIFIER = iosdecal.ToDoList;
				PRODUCT_NAME = "$(TARGET_NAME)";
			};
			name = Debug;
		};
		B806906A1BBB37BF000DD243 /* Release */ = {
			isa = XCBuildConfiguration;
			buildSettings = {
				ASSETCATALOG_COMPILER_APPICON_NAME = AppIcon;
				INFOPLIST_FILE = ToDoList/Info.plist;
				LD_RUNPATH_SEARCH_PATHS = "$(inherited) @executable_path/Frameworks";
				PRODUCT_BUNDLE_IDENTIFIER = iosdecal.ToDoList;
				PRODUCT_NAME = "$(TARGET_NAME)";
			};
			name = Release;
		};
/* End XCBuildConfiguration section */

/* Begin XCConfigurationList section */
		B80690511BBB37BF000DD243 /* Build configuration list for PBXProject "ToDoList" */ = {
			isa = XCConfigurationList;
			buildConfigurations = (
				B80690661BBB37BF000DD243 /* Debug */,
				B80690671BBB37BF000DD243 /* Release */,
			);
			defaultConfigurationIsVisible = 0;
			defaultConfigurationName = Release;
		};
		B80690681BBB37BF000DD243 /* Build configuration list for PBXNativeTarget "ToDoList" */ = {
			isa = XCConfigurationList;
			buildConfigurations = (
				B80690691BBB37BF000DD243 /* Debug */,
				B806906A1BBB37BF000DD243 /* Release */,
			);
			defaultConfigurationIsVisible = 0;
			defaultConfigurationName = Release;
		};
/* End XCConfigurationList section */
	};
	rootObject = B806904E1BBB37BF000DD243 /* Project object */;
}
